// !$*UTF8*$!
{
	archiveVersion = 1;
	classes = {
	};
	objectVersion = 46;
	objects = {

/* Begin PBXBuildFile section */
		210BE01F162E3933AA6871EF /* CreateEndpoint.swift in Sources */ = {isa = PBXBuildFile; fileRef = 210BEF34FFFADD720A136729 /* CreateEndpoint.swift */; };
		210BE0FB35AF665054D028C4 /* Commercetools.swift in Sources */ = {isa = PBXBuildFile; fileRef = 210BE7EF595235524206718F /* Commercetools.swift */; };
		210BE40C5DD231FC289ACC9F /* ByIdEndpoint.swift in Sources */ = {isa = PBXBuildFile; fileRef = 210BE12054F8D0CB0147CBD9 /* ByIdEndpoint.swift */; };
		210BE7E502CA456C30566881 /* Error.swift in Sources */ = {isa = PBXBuildFile; fileRef = 210BE57833F74D2656716AF8 /* Error.swift */; };
		210BE9F03FC6EB74CA205C35 /* Log.swift in Sources */ = {isa = PBXBuildFile; fileRef = 210BEAADF7135452064FD935 /* Log.swift */; };
		210BEDC4D05E071DA9248E17 /* Config.swift in Sources */ = {isa = PBXBuildFile; fileRef = 210BE36824D8A23C8CFDB13F /* Config.swift */; };
		210BEE7F0EF61808761BDBB5 /* AuthManager.swift in Sources */ = {isa = PBXBuildFile; fileRef = 210BE69087D43E8630A27203 /* AuthManager.swift */; };
		210BEF7772BC10CA87E61644 /* TokenStore.swift in Sources */ = {isa = PBXBuildFile; fileRef = 210BEF4B389CAF21987D0F00 /* TokenStore.swift */; };
		210BEFC6EB3105F2FC9CEDA1 /* Endpoint.swift in Sources */ = {isa = PBXBuildFile; fileRef = 210BEA9FB39CC0B4C382E087 /* Endpoint.swift */; };
		211B59371CC77C7200246522 /* CommercetoolsTestConfig.plist in Resources */ = {isa = PBXBuildFile; fileRef = 211B59361CC77C7200246522 /* CommercetoolsTestConfig.plist */; };
		211B593A1CC782B400246522 /* Info.plist in Resources */ = {isa = PBXBuildFile; fileRef = 211B59391CC782B400246522 /* Info.plist */; };
		211B593C1CCA592300246522 /* CreateEndpointTests.swift in Sources */ = {isa = PBXBuildFile; fileRef = 211B593B1CCA592300246522 /* CreateEndpointTests.swift */; };
		211B593E1CCF95B600246522 /* ByIdEndpointTests.swift in Sources */ = {isa = PBXBuildFile; fileRef = 211B593D1CCF95B600246522 /* ByIdEndpointTests.swift */; };
		21C653461CBE6292008E84B2 /* Commercetools.h in Headers */ = {isa = PBXBuildFile; fileRef = 21C653451CBE6292008E84B2 /* Commercetools.h */; settings = {ATTRIBUTES = (Public, ); }; };
		21C6534D1CBE6292008E84B2 /* Commercetools.framework in Frameworks */ = {isa = PBXBuildFile; fileRef = 21C653421CBE6291008E84B2 /* Commercetools.framework */; };
		21C653521CBE6292008E84B2 /* AuthManagerTests.swift in Sources */ = {isa = PBXBuildFile; fileRef = 21C653511CBE6292008E84B2 /* AuthManagerTests.swift */; };
		21F26D8F1CD0B8B100DFFEB8 /* XCTestCase+Configuration.swift in Sources */ = {isa = PBXBuildFile; fileRef = 21F26D8E1CD0B8B100DFFEB8 /* XCTestCase+Configuration.swift */; };
		5282479BE674314D916A0355 /* Pods_Commercetools.framework in Frameworks */ = {isa = PBXBuildFile; fileRef = 9A456D0DAC39F1D37C1FEDB0 /* Pods_Commercetools.framework */; };
/* End PBXBuildFile section */

/* Begin PBXContainerItemProxy section */
		21C6534E1CBE6292008E84B2 /* PBXContainerItemProxy */ = {
			isa = PBXContainerItemProxy;
			containerPortal = 21C653391CBE6291008E84B2 /* Project object */;
			proxyType = 1;
			remoteGlobalIDString = 21C653411CBE6291008E84B2;
			remoteInfo = Commercetools;
		};
/* End PBXContainerItemProxy section */

/* Begin PBXFileReference section */
		210BE12054F8D0CB0147CBD9 /* ByIdEndpoint.swift */ = {isa = PBXFileReference; fileEncoding = 4; lastKnownFileType = sourcecode.swift; path = ByIdEndpoint.swift; sourceTree = "<group>"; };
		210BE36824D8A23C8CFDB13F /* Config.swift */ = {isa = PBXFileReference; fileEncoding = 4; lastKnownFileType = sourcecode.swift; path = Config.swift; sourceTree = "<group>"; };
		210BE57833F74D2656716AF8 /* Error.swift */ = {isa = PBXFileReference; fileEncoding = 4; lastKnownFileType = sourcecode.swift; path = Error.swift; sourceTree = "<group>"; };
		210BE69087D43E8630A27203 /* AuthManager.swift */ = {isa = PBXFileReference; fileEncoding = 4; lastKnownFileType = sourcecode.swift; path = AuthManager.swift; sourceTree = "<group>"; };
		210BE7EF595235524206718F /* Commercetools.swift */ = {isa = PBXFileReference; fileEncoding = 4; lastKnownFileType = sourcecode.swift; path = Commercetools.swift; sourceTree = "<group>"; };
		210BEA9FB39CC0B4C382E087 /* Endpoint.swift */ = {isa = PBXFileReference; fileEncoding = 4; lastKnownFileType = sourcecode.swift; path = Endpoint.swift; sourceTree = "<group>"; };
		210BEAADF7135452064FD935 /* Log.swift */ = {isa = PBXFileReference; fileEncoding = 4; lastKnownFileType = sourcecode.swift; path = Log.swift; sourceTree = "<group>"; };
		210BEF34FFFADD720A136729 /* CreateEndpoint.swift */ = {isa = PBXFileReference; fileEncoding = 4; lastKnownFileType = sourcecode.swift; path = CreateEndpoint.swift; sourceTree = "<group>"; };
		210BEF4B389CAF21987D0F00 /* TokenStore.swift */ = {isa = PBXFileReference; fileEncoding = 4; lastKnownFileType = sourcecode.swift; path = TokenStore.swift; sourceTree = "<group>"; };
		211B59361CC77C7200246522 /* CommercetoolsTestConfig.plist */ = {isa = PBXFileReference; fileEncoding = 4; lastKnownFileType = text.plist.xml; path = CommercetoolsTestConfig.plist; sourceTree = "<group>"; };
		211B59391CC782B400246522 /* Info.plist */ = {isa = PBXFileReference; fileEncoding = 4; lastKnownFileType = text.plist.xml; path = Info.plist; sourceTree = "<group>"; };
		211B593B1CCA592300246522 /* CreateEndpointTests.swift */ = {isa = PBXFileReference; fileEncoding = 4; lastKnownFileType = sourcecode.swift; path = CreateEndpointTests.swift; sourceTree = "<group>"; };
		211B593D1CCF95B600246522 /* ByIdEndpointTests.swift */ = {isa = PBXFileReference; fileEncoding = 4; lastKnownFileType = sourcecode.swift; path = ByIdEndpointTests.swift; sourceTree = "<group>"; };
		21C653421CBE6291008E84B2 /* Commercetools.framework */ = {isa = PBXFileReference; explicitFileType = wrapper.framework; includeInIndex = 0; path = Commercetools.framework; sourceTree = BUILT_PRODUCTS_DIR; };
		21C653451CBE6292008E84B2 /* Commercetools.h */ = {isa = PBXFileReference; lastKnownFileType = sourcecode.c.h; path = Commercetools.h; sourceTree = "<group>"; };
		21C653471CBE6292008E84B2 /* Info.plist */ = {isa = PBXFileReference; lastKnownFileType = text.plist.xml; path = Info.plist; sourceTree = "<group>"; };
		21C6534C1CBE6292008E84B2 /* CommercetoolsTests.xctest */ = {isa = PBXFileReference; explicitFileType = wrapper.cfbundle; includeInIndex = 0; path = CommercetoolsTests.xctest; sourceTree = BUILT_PRODUCTS_DIR; };
		21C653511CBE6292008E84B2 /* AuthManagerTests.swift */ = {isa = PBXFileReference; lastKnownFileType = sourcecode.swift; path = AuthManagerTests.swift; sourceTree = "<group>"; };
		21F26D8E1CD0B8B100DFFEB8 /* XCTestCase+Configuration.swift */ = {isa = PBXFileReference; fileEncoding = 4; lastKnownFileType = sourcecode.swift; path = "XCTestCase+Configuration.swift"; sourceTree = "<group>"; };
		29502A041BA37E6BD22C3C21 /* Pods-Commercetools.release.xcconfig */ = {isa = PBXFileReference; includeInIndex = 1; lastKnownFileType = text.xcconfig; name = "Pods-Commercetools.release.xcconfig"; path = "Pods/Target Support Files/Pods-Commercetools/Pods-Commercetools.release.xcconfig"; sourceTree = "<group>"; };
		9A456D0DAC39F1D37C1FEDB0 /* Pods_Commercetools.framework */ = {isa = PBXFileReference; explicitFileType = wrapper.framework; includeInIndex = 0; path = Pods_Commercetools.framework; sourceTree = BUILT_PRODUCTS_DIR; };
		B4BC5B13A5FAE631F09B678E /* Pods-Commercetools.debug.xcconfig */ = {isa = PBXFileReference; includeInIndex = 1; lastKnownFileType = text.xcconfig; name = "Pods-Commercetools.debug.xcconfig"; path = "Pods/Target Support Files/Pods-Commercetools/Pods-Commercetools.debug.xcconfig"; sourceTree = "<group>"; };
/* End PBXFileReference section */

/* Begin PBXFrameworksBuildPhase section */
		21C6533E1CBE6291008E84B2 /* Frameworks */ = {
			isa = PBXFrameworksBuildPhase;
			buildActionMask = 2147483647;
			files = (
				5282479BE674314D916A0355 /* Pods_Commercetools.framework in Frameworks */,
			);
			runOnlyForDeploymentPostprocessing = 0;
		};
		21C653491CBE6292008E84B2 /* Frameworks */ = {
			isa = PBXFrameworksBuildPhase;
			buildActionMask = 2147483647;
			files = (
				21C6534D1CBE6292008E84B2 /* Commercetools.framework in Frameworks */,
			);
			runOnlyForDeploymentPostprocessing = 0;
		};
/* End PBXFrameworksBuildPhase section */

/* Begin PBXGroup section */
		1ED781DF76A2C1868F060799 /* Frameworks */ = {
			isa = PBXGroup;
			children = (
				9A456D0DAC39F1D37C1FEDB0 /* Pods_Commercetools.framework */,
			);
			name = Frameworks;
			sourceTree = "<group>";
		};
		210BEC3CECE84C25122CFBE3 /* Endpoint */ = {
			isa = PBXGroup;
			children = (
				210BEA9FB39CC0B4C382E087 /* Endpoint.swift */,
				210BEF34FFFADD720A136729 /* CreateEndpoint.swift */,
				210BE12054F8D0CB0147CBD9 /* ByIdEndpoint.swift */,
			);
			path = Endpoint;
			sourceTree = "<group>";
		};
		21C653381CBE6291008E84B2 = {
			isa = PBXGroup;
			children = (
				21C653441CBE6292008E84B2 /* Commercetools */,
				21C653501CBE6292008E84B2 /* CommercetoolsTests */,
				21C653431CBE6291008E84B2 /* Products */,
				CB1FFB69F4CD60CC05B6E787 /* Pods */,
				1ED781DF76A2C1868F060799 /* Frameworks */,
			);
			sourceTree = "<group>";
		};
		21C653431CBE6291008E84B2 /* Products */ = {
			isa = PBXGroup;
			children = (
				21C653421CBE6291008E84B2 /* Commercetools.framework */,
				21C6534C1CBE6292008E84B2 /* CommercetoolsTests.xctest */,
			);
			name = Products;
			sourceTree = "<group>";
		};
		21C653441CBE6292008E84B2 /* Commercetools */ = {
			isa = PBXGroup;
			children = (
				21C6535D1CBE7465008E84B2 /* Source */,
				21C653451CBE6292008E84B2 /* Commercetools.h */,
				21C653471CBE6292008E84B2 /* Info.plist */,
			);
			path = Commercetools;
			sourceTree = "<group>";
		};
		21C653501CBE6292008E84B2 /* CommercetoolsTests */ = {
			isa = PBXGroup;
			children = (
				21C653511CBE6292008E84B2 /* AuthManagerTests.swift */,
				211B59361CC77C7200246522 /* CommercetoolsTestConfig.plist */,
				211B59391CC782B400246522 /* Info.plist */,
				211B593B1CCA592300246522 /* CreateEndpointTests.swift */,
				211B593D1CCF95B600246522 /* ByIdEndpointTests.swift */,
				21F26D8E1CD0B8B100DFFEB8 /* XCTestCase+Configuration.swift */,
			);
			path = CommercetoolsTests;
			sourceTree = "<group>";
		};
		21C6535D1CBE7465008E84B2 /* Source */ = {
			isa = PBXGroup;
			children = (
				210BE7EF595235524206718F /* Commercetools.swift */,
				210BE36824D8A23C8CFDB13F /* Config.swift */,
				210BEAADF7135452064FD935 /* Log.swift */,
				210BE69087D43E8630A27203 /* AuthManager.swift */,
				210BE57833F74D2656716AF8 /* Error.swift */,
				210BEF4B389CAF21987D0F00 /* TokenStore.swift */,
				210BEC3CECE84C25122CFBE3 /* Endpoint */,
			);
			path = Source;
			sourceTree = SOURCE_ROOT;
		};
		CB1FFB69F4CD60CC05B6E787 /* Pods */ = {
			isa = PBXGroup;
			children = (
				B4BC5B13A5FAE631F09B678E /* Pods-Commercetools.debug.xcconfig */,
				29502A041BA37E6BD22C3C21 /* Pods-Commercetools.release.xcconfig */,
			);
			name = Pods;
			sourceTree = "<group>";
		};
/* End PBXGroup section */

/* Begin PBXHeadersBuildPhase section */
		21C6533F1CBE6291008E84B2 /* Headers */ = {
			isa = PBXHeadersBuildPhase;
			buildActionMask = 2147483647;
			files = (
				21C653461CBE6292008E84B2 /* Commercetools.h in Headers */,
			);
			runOnlyForDeploymentPostprocessing = 0;
		};
/* End PBXHeadersBuildPhase section */

/* Begin PBXNativeTarget section */
		21C653411CBE6291008E84B2 /* Commercetools */ = {
			isa = PBXNativeTarget;
			buildConfigurationList = 21C653561CBE6292008E84B2 /* Build configuration list for PBXNativeTarget "Commercetools" */;
			buildPhases = (
				91A200CB2B9196DE02C1C916 /* Check Pods Manifest.lock */,
				21C6533D1CBE6291008E84B2 /* Sources */,
				21C6533E1CBE6291008E84B2 /* Frameworks */,
				21C6533F1CBE6291008E84B2 /* Headers */,
				21C653401CBE6291008E84B2 /* Resources */,
				01D9270DD1C55426D62BDA6D /* Copy Pods Resources */,
			);
			buildRules = (
			);
			dependencies = (
			);
			name = Commercetools;
			productName = Commercetools;
			productReference = 21C653421CBE6291008E84B2 /* Commercetools.framework */;
			productType = "com.apple.product-type.framework";
		};
		21C6534B1CBE6292008E84B2 /* CommercetoolsTests */ = {
			isa = PBXNativeTarget;
			buildConfigurationList = 21C653591CBE6292008E84B2 /* Build configuration list for PBXNativeTarget "CommercetoolsTests" */;
			buildPhases = (
				21C653481CBE6292008E84B2 /* Sources */,
				21C653491CBE6292008E84B2 /* Frameworks */,
				21C6534A1CBE6292008E84B2 /* Resources */,
			);
			buildRules = (
			);
			dependencies = (
				21C6534F1CBE6292008E84B2 /* PBXTargetDependency */,
			);
			name = CommercetoolsTests;
			productName = CommercetoolsTests;
			productReference = 21C6534C1CBE6292008E84B2 /* CommercetoolsTests.xctest */;
			productType = "com.apple.product-type.bundle.unit-test";
		};
/* End PBXNativeTarget section */

/* Begin PBXProject section */
		21C653391CBE6291008E84B2 /* Project object */ = {
			isa = PBXProject;
			attributes = {
				LastSwiftUpdateCheck = 0730;
				LastUpgradeCheck = 0730;
				ORGANIZATIONNAME = Commercetools;
				TargetAttributes = {
					21C653411CBE6291008E84B2 = {
						CreatedOnToolsVersion = 7.3;
					};
					21C6534B1CBE6292008E84B2 = {
						CreatedOnToolsVersion = 7.3;
					};
				};
			};
			buildConfigurationList = 21C6533C1CBE6291008E84B2 /* Build configuration list for PBXProject "Commercetools" */;
			compatibilityVersion = "Xcode 3.2";
			developmentRegion = English;
			hasScannedForEncodings = 0;
			knownRegions = (
				en,
			);
			mainGroup = 21C653381CBE6291008E84B2;
			productRefGroup = 21C653431CBE6291008E84B2 /* Products */;
			projectDirPath = "";
			projectRoot = "";
			targets = (
				21C653411CBE6291008E84B2 /* Commercetools */,
				21C6534B1CBE6292008E84B2 /* CommercetoolsTests */,
			);
		};
/* End PBXProject section */

/* Begin PBXResourcesBuildPhase section */
		21C653401CBE6291008E84B2 /* Resources */ = {
			isa = PBXResourcesBuildPhase;
			buildActionMask = 2147483647;
			files = (
			);
			runOnlyForDeploymentPostprocessing = 0;
		};
		21C6534A1CBE6292008E84B2 /* Resources */ = {
			isa = PBXResourcesBuildPhase;
			buildActionMask = 2147483647;
			files = (
				211B593A1CC782B400246522 /* Info.plist in Resources */,
				211B59371CC77C7200246522 /* CommercetoolsTestConfig.plist in Resources */,
			);
			runOnlyForDeploymentPostprocessing = 0;
		};
/* End PBXResourcesBuildPhase section */

/* Begin PBXShellScriptBuildPhase section */
		01D9270DD1C55426D62BDA6D /* Copy Pods Resources */ = {
			isa = PBXShellScriptBuildPhase;
			buildActionMask = 2147483647;
			files = (
			);
			inputPaths = (
			);
			name = "Copy Pods Resources";
			outputPaths = (
			);
			runOnlyForDeploymentPostprocessing = 0;
			shellPath = /bin/sh;
			shellScript = "\"${SRCROOT}/Pods/Target Support Files/Pods-Commercetools/Pods-Commercetools-resources.sh\"\n";
			showEnvVarsInLog = 0;
		};
		91A200CB2B9196DE02C1C916 /* Check Pods Manifest.lock */ = {
			isa = PBXShellScriptBuildPhase;
			buildActionMask = 2147483647;
			files = (
			);
			inputPaths = (
			);
			name = "Check Pods Manifest.lock";
			outputPaths = (
			);
			runOnlyForDeploymentPostprocessing = 0;
			shellPath = /bin/sh;
			shellScript = "diff \"${PODS_ROOT}/../Podfile.lock\" \"${PODS_ROOT}/Manifest.lock\" > /dev/null\nif [[ $? != 0 ]] ; then\n    cat << EOM\nerror: The sandbox is not in sync with the Podfile.lock. Run 'pod install' or update your CocoaPods installation.\nEOM\n    exit 1\nfi\n";
			showEnvVarsInLog = 0;
		};
/* End PBXShellScriptBuildPhase section */

/* Begin PBXSourcesBuildPhase section */
		21C6533D1CBE6291008E84B2 /* Sources */ = {
			isa = PBXSourcesBuildPhase;
			buildActionMask = 2147483647;
			files = (
				210BE0FB35AF665054D028C4 /* Commercetools.swift in Sources */,
				210BEDC4D05E071DA9248E17 /* Config.swift in Sources */,
				210BE9F03FC6EB74CA205C35 /* Log.swift in Sources */,
				210BEE7F0EF61808761BDBB5 /* AuthManager.swift in Sources */,
				210BE7E502CA456C30566881 /* Error.swift in Sources */,
				210BEF7772BC10CA87E61644 /* TokenStore.swift in Sources */,
				210BEFC6EB3105F2FC9CEDA1 /* Endpoint.swift in Sources */,
				210BE01F162E3933AA6871EF /* CreateEndpoint.swift in Sources */,
				210BE40C5DD231FC289ACC9F /* ByIdEndpoint.swift in Sources */,
			);
			runOnlyForDeploymentPostprocessing = 0;
		};
		21C653481CBE6292008E84B2 /* Sources */ = {
			isa = PBXSourcesBuildPhase;
			buildActionMask = 2147483647;
			files = (
				211B593C1CCA592300246522 /* CreateEndpointTests.swift in Sources */,
				211B593E1CCF95B600246522 /* ByIdEndpointTests.swift in Sources */,
				21C653521CBE6292008E84B2 /* AuthManagerTests.swift in Sources */,
				21F26D8F1CD0B8B100DFFEB8 /* XCTestCase+Configuration.swift in Sources */,
			);
			runOnlyForDeploymentPostprocessing = 0;
		};
/* End PBXSourcesBuildPhase section */

/* Begin PBXTargetDependency section */
		21C6534F1CBE6292008E84B2 /* PBXTargetDependency */ = {
			isa = PBXTargetDependency;
			target = 21C653411CBE6291008E84B2 /* Commercetools */;
			targetProxy = 21C6534E1CBE6292008E84B2 /* PBXContainerItemProxy */;
		};
/* End PBXTargetDependency section */

/* Begin XCBuildConfiguration section */
		21C653541CBE6292008E84B2 /* Debug */ = {
			isa = XCBuildConfiguration;
			buildSettings = {
				ALWAYS_SEARCH_USER_PATHS = NO;
				CLANG_ANALYZER_NONNULL = YES;
				CLANG_CXX_LANGUAGE_STANDARD = "gnu++0x";
				CLANG_CXX_LIBRARY = "libc++";
				CLANG_ENABLE_MODULES = YES;
				CLANG_ENABLE_OBJC_ARC = YES;
				CLANG_WARN_BOOL_CONVERSION = YES;
				CLANG_WARN_CONSTANT_CONVERSION = YES;
				CLANG_WARN_DIRECT_OBJC_ISA_USAGE = YES_ERROR;
				CLANG_WARN_EMPTY_BODY = YES;
				CLANG_WARN_ENUM_CONVERSION = YES;
				CLANG_WARN_INT_CONVERSION = YES;
				CLANG_WARN_OBJC_ROOT_CLASS = YES_ERROR;
				CLANG_WARN_UNREACHABLE_CODE = YES;
				CLANG_WARN__DUPLICATE_METHOD_MATCH = YES;
				"CODE_SIGN_IDENTITY[sdk=iphoneos*]" = "iPhone Developer";
				COPY_PHASE_STRIP = NO;
				CURRENT_PROJECT_VERSION = 1;
				DEBUG_INFORMATION_FORMAT = dwarf;
				ENABLE_STRICT_OBJC_MSGSEND = YES;
				ENABLE_TESTABILITY = YES;
				GCC_C_LANGUAGE_STANDARD = gnu99;
				GCC_DYNAMIC_NO_PIC = NO;
				GCC_NO_COMMON_BLOCKS = YES;
				GCC_OPTIMIZATION_LEVEL = 0;
				GCC_PREPROCESSOR_DEFINITIONS = (
					"DEBUG=1",
					"$(inherited)",
				);
				GCC_WARN_64_TO_32_BIT_CONVERSION = YES;
				GCC_WARN_ABOUT_RETURN_TYPE = YES_ERROR;
				GCC_WARN_UNDECLARED_SELECTOR = YES;
				GCC_WARN_UNINITIALIZED_AUTOS = YES_AGGRESSIVE;
				GCC_WARN_UNUSED_FUNCTION = YES;
				GCC_WARN_UNUSED_VARIABLE = YES;
				IPHONEOS_DEPLOYMENT_TARGET = 9.3;
				MTL_ENABLE_DEBUG_INFO = YES;
				ONLY_ACTIVE_ARCH = YES;
				SDKROOT = iphoneos;
				SWIFT_OPTIMIZATION_LEVEL = "-Onone";
				TARGETED_DEVICE_FAMILY = "1,2";
				VERSIONING_SYSTEM = "apple-generic";
				VERSION_INFO_PREFIX = "";
			};
			name = Debug;
		};
		21C653551CBE6292008E84B2 /* Release */ = {
			isa = XCBuildConfiguration;
			buildSettings = {
				ALWAYS_SEARCH_USER_PATHS = NO;
				CLANG_ANALYZER_NONNULL = YES;
				CLANG_CXX_LANGUAGE_STANDARD = "gnu++0x";
				CLANG_CXX_LIBRARY = "libc++";
				CLANG_ENABLE_MODULES = YES;
				CLANG_ENABLE_OBJC_ARC = YES;
				CLANG_WARN_BOOL_CONVERSION = YES;
				CLANG_WARN_CONSTANT_CONVERSION = YES;
				CLANG_WARN_DIRECT_OBJC_ISA_USAGE = YES_ERROR;
				CLANG_WARN_EMPTY_BODY = YES;
				CLANG_WARN_ENUM_CONVERSION = YES;
				CLANG_WARN_INT_CONVERSION = YES;
				CLANG_WARN_OBJC_ROOT_CLASS = YES_ERROR;
				CLANG_WARN_UNREACHABLE_CODE = YES;
				CLANG_WARN__DUPLICATE_METHOD_MATCH = YES;
				"CODE_SIGN_IDENTITY[sdk=iphoneos*]" = "iPhone Developer";
				COPY_PHASE_STRIP = NO;
				CURRENT_PROJECT_VERSION = 1;
				DEBUG_INFORMATION_FORMAT = "dwarf-with-dsym";
				ENABLE_NS_ASSERTIONS = NO;
				ENABLE_STRICT_OBJC_MSGSEND = YES;
				GCC_C_LANGUAGE_STANDARD = gnu99;
				GCC_NO_COMMON_BLOCKS = YES;
				GCC_WARN_64_TO_32_BIT_CONVERSION = YES;
				GCC_WARN_ABOUT_RETURN_TYPE = YES_ERROR;
				GCC_WARN_UNDECLARED_SELECTOR = YES;
				GCC_WARN_UNINITIALIZED_AUTOS = YES_AGGRESSIVE;
				GCC_WARN_UNUSED_FUNCTION = YES;
				GCC_WARN_UNUSED_VARIABLE = YES;
				IPHONEOS_DEPLOYMENT_TARGET = 9.3;
				MTL_ENABLE_DEBUG_INFO = NO;
				SDKROOT = iphoneos;
				TARGETED_DEVICE_FAMILY = "1,2";
				VALIDATE_PRODUCT = YES;
				VERSIONING_SYSTEM = "apple-generic";
				VERSION_INFO_PREFIX = "";
			};
			name = Release;
		};
		21C653571CBE6292008E84B2 /* Debug */ = {
			isa = XCBuildConfiguration;
			baseConfigurationReference = B4BC5B13A5FAE631F09B678E /* Pods-Commercetools.debug.xcconfig */;
			buildSettings = {
				DEFINES_MODULE = YES;
				DYLIB_COMPATIBILITY_VERSION = 1;
				DYLIB_CURRENT_VERSION = 1;
				DYLIB_INSTALL_NAME_BASE = "@rpath";
				INFOPLIST_FILE = Commercetools/Info.plist;
				INSTALL_PATH = "$(LOCAL_LIBRARY_DIR)/Frameworks";
				LD_RUNPATH_SEARCH_PATHS = "$(inherited) @executable_path/Frameworks @loader_path/Frameworks";
				PRODUCT_BUNDLE_IDENTIFIER = com.commercetools.sdk.ios.Commercetools;
				PRODUCT_NAME = "$(TARGET_NAME)";
				SKIP_INSTALL = YES;
			};
			name = Debug;
		};
		21C653581CBE6292008E84B2 /* Release */ = {
			isa = XCBuildConfiguration;
			baseConfigurationReference = 29502A041BA37E6BD22C3C21 /* Pods-Commercetools.release.xcconfig */;
			buildSettings = {
				DEFINES_MODULE = YES;
				DYLIB_COMPATIBILITY_VERSION = 1;
				DYLIB_CURRENT_VERSION = 1;
				DYLIB_INSTALL_NAME_BASE = "@rpath";
				INFOPLIST_FILE = Commercetools/Info.plist;
				INSTALL_PATH = "$(LOCAL_LIBRARY_DIR)/Frameworks";
				LD_RUNPATH_SEARCH_PATHS = "$(inherited) @executable_path/Frameworks @loader_path/Frameworks";
				PRODUCT_BUNDLE_IDENTIFIER = com.commercetools.sdk.ios.Commercetools;
				PRODUCT_NAME = "$(TARGET_NAME)";
				SKIP_INSTALL = YES;
			};
			name = Release;
		};
		21C6535A1CBE6292008E84B2 /* Debug */ = {
			isa = XCBuildConfiguration;
			buildSettings = {
				INFOPLIST_FILE = CommercetoolsTests/Info.plist;
				LD_RUNPATH_SEARCH_PATHS = "$(inherited) @executable_path/Frameworks @loader_path/Frameworks";
				PRODUCT_BUNDLE_IDENTIFIER = com.commercetools.sdk.jvm.ios.CommercetoolsTests;
				PRODUCT_NAME = "$(TARGET_NAME)";
			};
			name = Debug;
		};
		21C6535B1CBE6292008E84B2 /* Release */ = {
			isa = XCBuildConfiguration;
			buildSettings = {
				INFOPLIST_FILE = CommercetoolsTests/Info.plist;
				LD_RUNPATH_SEARCH_PATHS = "$(inherited) @executable_path/Frameworks @loader_path/Frameworks";
				PRODUCT_BUNDLE_IDENTIFIER = com.commercetools.sdk.jvm.ios.CommercetoolsTests;
				PRODUCT_NAME = "$(TARGET_NAME)";
			};
			name = Release;
		};
/* End XCBuildConfiguration section */

/* Begin XCConfigurationList section */
		21C6533C1CBE6291008E84B2 /* Build configuration list for PBXProject "Commercetools" */ = {
			isa = XCConfigurationList;
			buildConfigurations = (
				21C653541CBE6292008E84B2 /* Debug */,
				21C653551CBE6292008E84B2 /* Release */,
			);
			defaultConfigurationIsVisible = 0;
			defaultConfigurationName = Release;
		};
		21C653561CBE6292008E84B2 /* Build configuration list for PBXNativeTarget "Commercetools" */ = {
			isa = XCConfigurationList;
			buildConfigurations = (
				21C653571CBE6292008E84B2 /* Debug */,
				21C653581CBE6292008E84B2 /* Release */,
			);
			defaultConfigurationIsVisible = 0;
			defaultConfigurationName = Release;
		};
		21C653591CBE6292008E84B2 /* Build configuration list for PBXNativeTarget "CommercetoolsTests" */ = {
			isa = XCConfigurationList;
			buildConfigurations = (
				21C6535A1CBE6292008E84B2 /* Debug */,
				21C6535B1CBE6292008E84B2 /* Release */,
			);
			defaultConfigurationIsVisible = 0;
			defaultConfigurationName = Release;
		};
/* End XCConfigurationList section */
	};
	rootObject = 21C653391CBE6291008E84B2 /* Project object */;
}
